
Microsoft Visual Studio Solution File, Format Version 12.00
# Visual Studio Version 16
VisualStudioVersion = 16.0.32126.315
MinimumVisualStudioVersion = 10.0.40219.1
Project("{8BC9CEB8-8B4A-11D0-8D11-00A0C91BC942}") = "project_2", "project_2.vcxproj", "{90941EB9-FE71-4756-89A9-9E24F13ADD0D}"
EndProject
Global
	GlobalSection(SolutionConfigurationPlatforms) = preSolution
		Debug|x64 = Debug|x64
		Debug|x86 = Debug|x86
		Release|x64 = Release|x64
		Release|x86 = Release|x86
	EndGlobalSection
	GlobalSection(ProjectConfigurationPlatforms) = postSolution
		{90941EB9-FE71-4756-89A9-9E24F13ADD0D}.Debug|x64.ActiveCfg = Debug|x64
		{90941EB9-FE71-4756-89A9-9E24F13ADD0D}.Debug|x64.Build.0 = Debug|x64
		{90941EB9-FE71-4756-89A9-9E24F13ADD0D}.Debug|x86.ActiveCfg = Debug|Win32
		{90941EB9-FE71-4756-89A9-9E24F13ADD0D}.Debug|x86.Build.0 = Debug|Win32
		{90941EB9-FE71-4756-89A9-9E24F13ADD0D}.Release|x64.ActiveCfg = Release|x64
		{90941EB9-FE71-4756-89A9-9E24F13ADD0D}.Release|x64.Build.0 = Release|x64
		{90941EB9-FE71-4756-89A9-9E24F13ADD0D}.Release|x86.ActiveCfg = Release|Win32
		{90941EB9-FE71-4756-89A9-9E24F13ADD0D}.Release|x86.Build.0 = Release|Win32
	EndGlobalSection
	GlobalSection(SolutionProperties) = preSolution
		HideSolutionNode = FALSE
	EndGlobalSection
	GlobalSection(ExtensibilityGlobals) = postSolution
		SolutionGuid = {10D32888-2E78-48F8-B501-7567DD45CE86}
	EndGlobalSection
EndGlobal
